# THIS IS AN AUTOGENERATED FILE. DO NOT EDIT THIS FILE DIRECTLY.
# yarn lockfile v1


"@fastify/busboy@^2.0.0":
  version "2.1.1"
  resolved "https://registry.yarnpkg.com/@fastify/busboy/-/busboy-2.1.1.tgz#b9da6a878a371829a0502c9b6c1c143ef6663f4d"
  integrity sha512-vBZP4NlzfOlerQTnba4aqZoMhE/a9HY7HRqoOPaETQcSQuWEIyZMHGfVu6w9wGtGK5fED5qRs2DteVCjOH60sA==

"@types/node@^20.12.13":
  version "20.12.13"
  resolved "https://registry.yarnpkg.com/@types/node/-/node-20.12.13.tgz#90ed3b8a4e52dd3c5dc5a42dde5b85b74ad8ed88"
  integrity sha512-gBGeanV41c1L171rR7wjbMiEpEI/l5XFQdLLfhr/REwpgDy/4U8y89+i8kRiLzDyZdOkXh+cRaTetUnCYutoXA==
  dependencies:
    undici-types "~5.26.4"

"@types/web-bluetooth@^0.0.20":
  version "0.0.20"
  resolved "https://registry.yarnpkg.com/@types/web-bluetooth/-/web-bluetooth-0.0.20.tgz#f066abfcd1cbe66267cdbbf0de010d8a41b41597"
  integrity sha512-g9gZnnXVq7gM7v3tJCWV/qw7w+KeOlSHAhgF9RytFyifW6AF61hdT2ucrYhPq9hLs5JIryeupHV3qGk95dH9ow==

"@vueuse/core@^10.1.2":
  version "10.10.0"
  resolved "https://registry.yarnpkg.com/@vueuse/core/-/core-10.10.0.tgz#05a98d3c5674762455a2c552c915d461d83e6490"
  integrity sha512-vexJ/YXYs2S42B783rI95lMt3GzEwkxzC8Hb0Ndpd8rD+p+Lk/Za4bd797Ym7yq4jXqdSyj3JLChunF/vyYjUw==
  dependencies:
    "@types/web-bluetooth" "^0.0.20"
    "@vueuse/metadata" "10.10.0"
    "@vueuse/shared" "10.10.0"
    vue-demi ">=0.14.7"

"@vueuse/metadata@10.10.0":
  version "10.10.0"
  resolved "https://registry.yarnpkg.com/@vueuse/metadata/-/metadata-10.10.0.tgz#53e61e9380670e342cbe6e03d852f3319308cb5b"
  integrity sha512-UNAo2sTCAW5ge6OErPEHb5z7NEAg3XcO9Cj7OK45aZXfLLH1QkexDcZD77HBi5zvEiLOm1An+p/4b5K3Worpug==

"@vueuse/shared@10.10.0":
  version "10.10.0"
  resolved "https://registry.yarnpkg.com/@vueuse/shared/-/shared-10.10.0.tgz#93f7c2210151ff43c2c7677963f7aa3aef5d9896"
  integrity sha512-2aW33Ac0Uk0U+9yo3Ypg9s5KcR42cuehRWl7vnUHadQyFvCktseyxxEPBi1Eiq4D2yBGACOnqLZpx1eMc7g5Og==
  dependencies:
    vue-demi ">=0.14.7"

arconnect@^0.4.2:
  version "0.4.2"
  resolved "https://registry.yarnpkg.com/arconnect/-/arconnect-0.4.2.tgz#83de7638fb46183e82d7ec7efb5594c5f7cdc806"
  integrity sha512-Jkpd4QL3TVqnd3U683gzXmZUVqBUy17DdJDuL/3D9rkysLgX6ymJ2e+sR+xyZF5Rh42CBqDXWNMmCjBXeP7Gbw==
  dependencies:
    arweave "^1.10.13"

arweave@^1.10.13, arweave@^1.13.7, arweave@^1.14.4:
  version "1.15.1"
  resolved "https://registry.yarnpkg.com/arweave/-/arweave-1.15.1.tgz#c6183136b20980c81a8cb77ce6fd9fb333e1a174"
  integrity sha512-rT7FOwqdudd5npqp4xOYdDT2035LtpcqePjwirh4wjRiEtVsz1FZkRiM2Yj+fOAwYzOm/hNG0GDOipDSaiEGGQ==
  dependencies:
    arconnect "^0.4.2"
    asn1.js "^5.4.1"
    base64-js "^1.5.1"
    bignumber.js "^9.0.2"

asn1.js@^5.4.1:
  version "5.4.1"
  resolved "https://registry.yarnpkg.com/asn1.js/-/asn1.js-5.4.1.tgz#11a980b84ebb91781ce35b0fdc2ee294e3783f07"
  integrity sha512-+I//4cYPccV8LdmBLiX8CYvf9Sp3vQsrqu2QNXRcrbiWvcx/UdlFiqUJJzxRQxgsZmvhXhn4cSKeSmoFjVdupA==
  dependencies:
    bn.js "^4.0.0"
    inherits "^2.0.1"
    minimalistic-assert "^1.0.0"
    safer-buffer "^2.1.0"

base64-js@^1.3.1, base64-js@^1.5.1:
  version "1.5.1"
  resolved "https://registry.yarnpkg.com/base64-js/-/base64-js-1.5.1.tgz#1b1b440160a5bf7ad40b650f095963481903930a"
  integrity sha512-AKpaYlHn8t4SVbOHCy+b5+KKgvR4vrsD8vbvrbiQJps7fKDTkjkDry6ji0rUJjC0kzbNePLwzxq8iypo41qeWA==

base64url@^3.0.1:
  version "3.0.1"
  resolved "https://registry.yarnpkg.com/base64url/-/base64url-3.0.1.tgz#6399d572e2bc3f90a9a8b22d5dbb0a32d33f788d"
  integrity sha512-ir1UPr3dkwexU7FdV8qBBbNDRUhMmIekYMFZfi+C/sLNnRESKPl23nB9b2pltqfOQNnGzsDdId90AEtG5tCx4A==

bignumber.js@^9.0.2:
  version "9.1.2"
  resolved "https://registry.yarnpkg.com/bignumber.js/-/bignumber.js-9.1.2.tgz#b7c4242259c008903b13707983b5f4bbd31eda0c"
  integrity sha512-2/mKyZH9K85bzOEfhXDBFZTGd1CTs+5IHpeFQo9luiBG7hghdC851Pj2WAhb6E3R6b9tZj/XKhbg4fum+Kepug==

bn.js@^4.0.0:
  version "4.12.0"
  resolved "https://registry.yarnpkg.com/bn.js/-/bn.js-4.12.0.tgz#775b3f278efbb9718eec7361f483fb36fbbfea88"
  integrity sha512-c98Bf3tPniI+scsdk237ku1Dc3ujXQTSgyiPUDEOe7tRkhrqridvh8klBv0HCEso1OLOYcHuCv/cS6DNxKH+ZA==

buffer@^6.0.3:
  version "6.0.3"
  resolved "https://registry.yarnpkg.com/buffer/-/buffer-6.0.3.tgz#2ace578459cc8fbe2a70aaa8f52ee63b6a74c6c6"
  integrity sha512-FTiCpNxtwiZZHEZbcbTIcZjERVICn9yq/pDFkTl95/AxzD1naBctN7YO68riM/gLSDY7sdrMby8hofADYuuqOA==
  dependencies:
    base64-js "^1.3.1"
    ieee754 "^1.2.1"

ieee754@^1.2.1:
  version "1.2.1"
  resolved "https://registry.yarnpkg.com/ieee754/-/ieee754-1.2.1.tgz#8eb7a10a63fff25d15a57b001586d177d1b0d352"
  integrity sha512-dcyqhDvX1C46lXZcVqCpK+FtMRQVdIMN6/Df5js2zouUsqG7I6sFxitIC+7KYK29KdXOLHdu9zL4sFnoVQnqaA==

inherits@^2.0.1:
  version "2.0.4"
  resolved "https://registry.yarnpkg.com/inherits/-/inherits-2.0.4.tgz#0fa2c64f932917c3433a0ded55363aae37416b7c"
  integrity sha512-k/vGaX4/Yla3WzyMCvTQOXYeIHvqOKtnqBduzTHpzpQZzAskKMhZ2K+EnBiSM9zGSoIFeMpXKxa4dYeZIQqewQ==

minimalistic-assert@^1.0.0:
  version "1.0.1"
  resolved "https://registry.yarnpkg.com/minimalistic-assert/-/minimalistic-assert-1.0.1.tgz#2e194de044626d4a10e7f7fbc00ce73e83e4d5c7"
  integrity sha512-UtJcAD4yEaGtjPezWuO9wC4nwUnVH/8/Im3yEHQP4b67cXlD/Qr9hdITCU1xDbSEXg2XKNaP8jsReV7vQd00/A==

safer-buffer@^2.1.0:
  version "2.1.2"
  resolved "https://registry.yarnpkg.com/safer-buffer/-/safer-buffer-2.1.2.tgz#44fa161b0187b9549dd84bb91802f9bd8385cd6a"
  integrity sha512-YZo3K82SD7Riyi0E1EQPojLz7kpepnSQI9IyPbHHg1XXXevb5dJI7tpyN2ADxGcQbHG7vcyRHk0cbwqcQriUtg==

store@^2.0.12:
  version "2.0.12"
  resolved "https://registry.yarnpkg.com/store/-/store-2.0.12.tgz#8c534e2a0b831f72b75fc5f1119857c44ef5d593"
  integrity sha512-eO9xlzDpXLiMr9W1nQ3Nfp9EzZieIQc10zPPMP5jsVV7bLOziSFFBP0XoDXACEIFtdI+rIz0NwWVA/QVJ8zJtw==

typescript@^5.4.5:
  version "5.4.5"
  resolved "https://registry.yarnpkg.com/typescript/-/typescript-5.4.5.tgz#42ccef2c571fdbd0f6718b1d1f5e6e5ef006f611"
  integrity sha512-vcI4UpRgg81oIRUFwR0WSIHKt11nJ7SAVlYNIu+QpqeyXP+gpQJy/Z4+F0aGxSE4MqwjyXvW/TzgkLAx2AGHwQ==

undici-types@~5.26.4:
  version "5.26.5"
  resolved "https://registry.yarnpkg.com/undici-types/-/undici-types-5.26.5.tgz#bcd539893d00b56e964fd2657a4866b221a65617"
  integrity sha512-JlCMO+ehdEIKqlFxk6IfVoAUVmgz7cU7zD/h9XZ0qzeosSHmUJVOzSQvvYSYWXkFXC+IfLKSIffhv0sVZup6pA==

undici@^5.19.1:
  version "5.28.4"
  resolved "https://registry.yarnpkg.com/undici/-/undici-5.28.4.tgz#6b280408edb6a1a604a9b20340f45b422e373068"
  integrity sha512-72RFADWFqKmUb2hmmvNODKL3p9hcB6Gt2DOQMis1SEBaV6a4MH8soBvzg+95CYhCKPFedut2JY9bMfrDl9D23g==
  dependencies:
    "@fastify/busboy" "^2.0.0"

vue-demi@>=0.14.7:
  version "0.14.7"
  resolved "https://registry.yarnpkg.com/vue-demi/-/vue-demi-0.14.7.tgz#8317536b3ef74c5b09f268f7782e70194567d8f2"
  integrity sha512-EOG8KXDQNwkJILkx/gPcoL/7vH+hORoBaKgGe+6W7VFMvCYJfmF2dGbvgDroVnI8LU7/kTu8mbjRZGBU1z9NTA==

warp-arbundles@^1.0.4:
  version "1.0.4"
  resolved "https://registry.yarnpkg.com/warp-arbundles/-/warp-arbundles-1.0.4.tgz#10c0cd662ab41b0dabad9159c7110f43425cc5cc"
  integrity sha512-KeRac/EJ7VOK+v5+PSMh2SrzpCKOAFnJICLlqZWt6qPkDCzVwcrNE5wFxOlEk5U170ewMDAB3e86UHUblevXpw==
  dependencies:
    arweave "^1.13.7"
    base64url "^3.0.1"
    buffer "^6.0.3"
    warp-isomorphic "^1.0.7"

warp-isomorphic@^1.0.7:
  version "1.0.7"
  resolved "https://registry.yarnpkg.com/warp-isomorphic/-/warp-isomorphic-1.0.7.tgz#abf1ee7bce44bec7c6b97547859e614876869aa7"
  integrity sha512-fXHbUXwdYqPm9fRPz8mjv5ndPco09aMQuTe4kXfymzOq8V6F3DLsg9cIafxvjms9/mc6eijzkLBJ63yjEENEjA==
  dependencies:
    buffer "^6.0.3"
    undici "^5.19.1"
